// !$*UTF8*$!
{
	archiveVersion = 1;
	classes = {
	};
	objectVersion = 50;
	objects = {

/* Begin PBXBuildFile section */
		200FE15D2444A15F00DBA925 /* AppDelegate.swift in Sources */ = {isa = PBXBuildFile; fileRef = 200FE15C2444A15F00DBA925 /* AppDelegate.swift */; };
		200FE15F2444A15F00DBA925 /* SceneDelegate.swift in Sources */ = {isa = PBXBuildFile; fileRef = 200FE15E2444A15F00DBA925 /* SceneDelegate.swift */; };
		200FE1612444A15F00DBA925 /* WeatherViewController.swift in Sources */ = {isa = PBXBuildFile; fileRef = 200FE1602444A15F00DBA925 /* WeatherViewController.swift */; };
		200FE1642444A15F00DBA925 /* Main.storyboard in Resources */ = {isa = PBXBuildFile; fileRef = 200FE1622444A15F00DBA925 /* Main.storyboard */; };
		200FE1662444A16100DBA925 /* Assets.xcassets in Resources */ = {isa = PBXBuildFile; fileRef = 200FE1652444A16100DBA925 /* Assets.xcassets */; };
		200FE1692444A16100DBA925 /* LaunchScreen.storyboard in Resources */ = {isa = PBXBuildFile; fileRef = 200FE1672444A16100DBA925 /* LaunchScreen.storyboard */; };
		2078049D244C6BBA00D24CEE /* WeatherManager.swift in Sources */ = {isa = PBXBuildFile; fileRef = 2078049C244C6BBA00D24CEE /* WeatherManager.swift */; };
		2078049F244F9C5500D24CEE /* WeatherData.swift in Sources */ = {isa = PBXBuildFile; fileRef = 2078049E244F9C5500D24CEE /* WeatherData.swift */; };
		207804A324555ECC00D24CEE /* WeatherModel.swift in Sources */ = {isa = PBXBuildFile; fileRef = 207804A224555ECC00D24CEE /* WeatherModel.swift */; };
		209CE3A02465996E009D1EC1 /* ForecastManager.swift in Sources */ = {isa = PBXBuildFile; fileRef = 209CE39F2465996E009D1EC1 /* ForecastManager.swift */; };
		209CE3A2246BFD56009D1EC1 /* APIkey.swift in Sources */ = {isa = PBXBuildFile; fileRef = 209CE3A1246BFD56009D1EC1 /* APIkey.swift */; };
		209CE3AA246D4E2F009D1EC1 /* DiscomfortIndexAppTests.swift in Sources */ = {isa = PBXBuildFile; fileRef = 209CE3A9246D4E2F009D1EC1 /* DiscomfortIndexAppTests.swift */; };
		209CE3B8246D4E7F009D1EC1 /* DiscomfortIndexAppUITests.swift in Sources */ = {isa = PBXBuildFile; fileRef = 209CE3B7246D4E7F009D1EC1 /* DiscomfortIndexAppUITests.swift */; };
		20B5A552245C28320036776B /* PageVireController.swift in Sources */ = {isa = PBXBuildFile; fileRef = 20B5A551245C28320036776B /* PageVireController.swift */; };
		20B5A554245E541F0036776B /* ForecastViewController.swift in Sources */ = {isa = PBXBuildFile; fileRef = 20B5A553245E541E0036776B /* ForecastViewController.swift */; };
		20B5A558245F856D0036776B /* ForecastData.swift in Sources */ = {isa = PBXBuildFile; fileRef = 20B5A557245F856D0036776B /* ForecastData.swift */; };
		20CFBB7A24813E5A0075905E /* DiscomfortIndexModel.swift in Sources */ = {isa = PBXBuildFile; fileRef = 20CFBB7924813E5A0075905E /* DiscomfortIndexModel.swift */; };
		20CFBB7C248687660075905E /* ForecastModel.swift in Sources */ = {isa = PBXBuildFile; fileRef = 20CFBB7B248687660075905E /* ForecastModel.swift */; };
		20CFBB9E2491101F0075905E /* media in Resources */ = {isa = PBXBuildFile; fileRef = 20CFBB9D2491101F0075905E /* media */; };
/* End PBXBuildFile section */

/* Begin PBXContainerItemProxy section */
		209CE3AC246D4E2F009D1EC1 /* PBXContainerItemProxy */ = {
			isa = PBXContainerItemProxy;
			containerPortal = 200FE1512444A15F00DBA925 /* Project object */;
			proxyType = 1;
			remoteGlobalIDString = 200FE1582444A15F00DBA925;
			remoteInfo = DiscomfortIndexApp;
		};
		209CE3BA246D4E7F009D1EC1 /* PBXContainerItemProxy */ = {
			isa = PBXContainerItemProxy;
			containerPortal = 200FE1512444A15F00DBA925 /* Project object */;
			proxyType = 1;
			remoteGlobalIDString = 200FE1582444A15F00DBA925;
			remoteInfo = DiscomfortIndexApp;
		};
/* End PBXContainerItemProxy section */

/* Begin PBXFileReference section */
		200FE1592444A15F00DBA925 /* DiscomfortIndexApp.app */ = {isa = PBXFileReference; explicitFileType = wrapper.application; includeInIndex = 0; path = DiscomfortIndexApp.app; sourceTree = BUILT_PRODUCTS_DIR; };
		200FE15C2444A15F00DBA925 /* AppDelegate.swift */ = {isa = PBXFileReference; lastKnownFileType = sourcecode.swift; path = AppDelegate.swift; sourceTree = "<group>"; };
		200FE15E2444A15F00DBA925 /* SceneDelegate.swift */ = {isa = PBXFileReference; lastKnownFileType = sourcecode.swift; path = SceneDelegate.swift; sourceTree = "<group>"; };
		200FE1602444A15F00DBA925 /* WeatherViewController.swift */ = {isa = PBXFileReference; lastKnownFileType = sourcecode.swift; path = WeatherViewController.swift; sourceTree = "<group>"; };
		200FE1632444A15F00DBA925 /* Base */ = {isa = PBXFileReference; lastKnownFileType = file.storyboard; name = Base; path = Base.lproj/Main.storyboard; sourceTree = "<group>"; };
		200FE1652444A16100DBA925 /* Assets.xcassets */ = {isa = PBXFileReference; lastKnownFileType = folder.assetcatalog; path = Assets.xcassets; sourceTree = "<group>"; };
		200FE1682444A16100DBA925 /* Base */ = {isa = PBXFileReference; lastKnownFileType = file.storyboard; name = Base; path = Base.lproj/LaunchScreen.storyboard; sourceTree = "<group>"; };
		200FE16A2444A16100DBA925 /* Info.plist */ = {isa = PBXFileReference; lastKnownFileType = text.plist.xml; path = Info.plist; sourceTree = "<group>"; };
		2078049C244C6BBA00D24CEE /* WeatherManager.swift */ = {isa = PBXFileReference; lastKnownFileType = sourcecode.swift; path = WeatherManager.swift; sourceTree = "<group>"; };
		2078049E244F9C5500D24CEE /* WeatherData.swift */ = {isa = PBXFileReference; lastKnownFileType = sourcecode.swift; path = WeatherData.swift; sourceTree = "<group>"; };
		207804A224555ECC00D24CEE /* WeatherModel.swift */ = {isa = PBXFileReference; lastKnownFileType = sourcecode.swift; path = WeatherModel.swift; sourceTree = "<group>"; };
		209CE39F2465996E009D1EC1 /* ForecastManager.swift */ = {isa = PBXFileReference; lastKnownFileType = sourcecode.swift; path = ForecastManager.swift; sourceTree = "<group>"; };
		209CE3A1246BFD56009D1EC1 /* APIkey.swift */ = {isa = PBXFileReference; lastKnownFileType = sourcecode.swift; path = APIkey.swift; sourceTree = "<group>"; };
		209CE3A7246D4E2F009D1EC1 /* DiscomfortIndexAppTests.xctest */ = {isa = PBXFileReference; explicitFileType = wrapper.cfbundle; includeInIndex = 0; path = DiscomfortIndexAppTests.xctest; sourceTree = BUILT_PRODUCTS_DIR; };
		209CE3A9246D4E2F009D1EC1 /* DiscomfortIndexAppTests.swift */ = {isa = PBXFileReference; lastKnownFileType = sourcecode.swift; path = DiscomfortIndexAppTests.swift; sourceTree = "<group>"; };
		209CE3AB246D4E2F009D1EC1 /* Info.plist */ = {isa = PBXFileReference; lastKnownFileType = text.plist.xml; path = Info.plist; sourceTree = "<group>"; };
		209CE3B5246D4E7F009D1EC1 /* DiscomfortIndexAppUITests.xctest */ = {isa = PBXFileReference; explicitFileType = wrapper.cfbundle; includeInIndex = 0; path = DiscomfortIndexAppUITests.xctest; sourceTree = BUILT_PRODUCTS_DIR; };
		209CE3B7246D4E7F009D1EC1 /* DiscomfortIndexAppUITests.swift */ = {isa = PBXFileReference; lastKnownFileType = sourcecode.swift; path = DiscomfortIndexAppUITests.swift; sourceTree = "<group>"; };
		209CE3B9246D4E7F009D1EC1 /* Info.plist */ = {isa = PBXFileReference; lastKnownFileType = text.plist.xml; path = Info.plist; sourceTree = "<group>"; };
		20B5A551245C28320036776B /* PageVireController.swift */ = {isa = PBXFileReference; lastKnownFileType = sourcecode.swift; path = PageVireController.swift; sourceTree = "<group>"; };
		20B5A553245E541E0036776B /* ForecastViewController.swift */ = {isa = PBXFileReference; lastKnownFileType = sourcecode.swift; path = ForecastViewController.swift; sourceTree = "<group>"; };
		20B5A557245F856D0036776B /* ForecastData.swift */ = {isa = PBXFileReference; lastKnownFileType = sourcecode.swift; path = ForecastData.swift; sourceTree = "<group>"; };
		20CFBB7924813E5A0075905E /* DiscomfortIndexModel.swift */ = {isa = PBXFileReference; lastKnownFileType = sourcecode.swift; path = DiscomfortIndexModel.swift; sourceTree = "<group>"; };
		20CFBB7B248687660075905E /* ForecastModel.swift */ = {isa = PBXFileReference; lastKnownFileType = sourcecode.swift; path = ForecastModel.swift; sourceTree = "<group>"; };
		20CFBB9D2491101F0075905E /* media */ = {isa = PBXFileReference; lastKnownFileType = folder; path = media; sourceTree = "<group>"; };
/* End PBXFileReference section */

/* Begin PBXFrameworksBuildPhase section */
		200FE1562444A15F00DBA925 /* Frameworks */ = {
			isa = PBXFrameworksBuildPhase;
			buildActionMask = 2147483647;
			files = (
			);
			runOnlyForDeploymentPostprocessing = 0;
		};
		209CE3A4246D4E2F009D1EC1 /* Frameworks */ = {
			isa = PBXFrameworksBuildPhase;
			buildActionMask = 2147483647;
			files = (
			);
			runOnlyForDeploymentPostprocessing = 0;
		};
		209CE3B2246D4E7F009D1EC1 /* Frameworks */ = {
			isa = PBXFrameworksBuildPhase;
			buildActionMask = 2147483647;
			files = (
			);
			runOnlyForDeploymentPostprocessing = 0;
		};
/* End PBXFrameworksBuildPhase section */

/* Begin PBXGroup section */
		200FE1502444A15F00DBA925 = {
			isa = PBXGroup;
			children = (
				200FE15B2444A15F00DBA925 /* DiscomfortIndexApp */,
				209CE3A8246D4E2F009D1EC1 /* DiscomfortIndexAppTests */,
				209CE3B6246D4E7F009D1EC1 /* DiscomfortIndexAppUITests */,
				200FE15A2444A15F00DBA925 /* Products */,
			);
			sourceTree = "<group>";
		};
		200FE15A2444A15F00DBA925 /* Products */ = {
			isa = PBXGroup;
			children = (
				200FE1592444A15F00DBA925 /* DiscomfortIndexApp.app */,
				209CE3A7246D4E2F009D1EC1 /* DiscomfortIndexAppTests.xctest */,
				209CE3B5246D4E7F009D1EC1 /* DiscomfortIndexAppUITests.xctest */,
			);
			name = Products;
			sourceTree = "<group>";
		};
		200FE15B2444A15F00DBA925 /* DiscomfortIndexApp */ = {
			isa = PBXGroup;
			children = (
				200FE15C2444A15F00DBA925 /* AppDelegate.swift */,
				200FE15E2444A15F00DBA925 /* SceneDelegate.swift */,
				20780499244C5AD500D24CEE /* Model */,
				2078049A244C5AED00D24CEE /* View */,
				2078049B244C5B1D00D24CEE /* Controller */,
				20CFBB9D2491101F0075905E /* media */,
				200FE1652444A16100DBA925 /* Assets.xcassets */,
				200FE1672444A16100DBA925 /* LaunchScreen.storyboard */,
				200FE16A2444A16100DBA925 /* Info.plist */,
				209CE3A1246BFD56009D1EC1 /* APIkey.swift */,
			);
			path = DiscomfortIndexApp;
			sourceTree = "<group>";
		};
		20780499244C5AD500D24CEE /* Model */ = {
			isa = PBXGroup;
			children = (
				2078049C244C6BBA00D24CEE /* WeatherManager.swift */,
				209CE39F2465996E009D1EC1 /* ForecastManager.swift */,
				2078049E244F9C5500D24CEE /* WeatherData.swift */,
				20B5A557245F856D0036776B /* ForecastData.swift */,
				207804A224555ECC00D24CEE /* WeatherModel.swift */,
				20CFBB7B248687660075905E /* ForecastModel.swift */,
				20CFBB7924813E5A0075905E /* DiscomfortIndexModel.swift */,
			);
			path = Model;
			sourceTree = "<group>";
		};
		2078049A244C5AED00D24CEE /* View */ = {
			isa = PBXGroup;
			children = (
				200FE1622444A15F00DBA925 /* Main.storyboard */,
			);
			path = View;
			sourceTree = "<group>";
		};
		2078049B244C5B1D00D24CEE /* Controller */ = {
			isa = PBXGroup;
			children = (
				20B5A551245C28320036776B /* PageVireController.swift */,
				200FE1602444A15F00DBA925 /* WeatherViewController.swift */,
				20B5A553245E541E0036776B /* ForecastViewController.swift */,
			);
			path = Controller;
			sourceTree = "<group>";
		};
		209CE3A8246D4E2F009D1EC1 /* DiscomfortIndexAppTests */ = {
			isa = PBXGroup;
			children = (
				209CE3A9246D4E2F009D1EC1 /* DiscomfortIndexAppTests.swift */,
				209CE3AB246D4E2F009D1EC1 /* Info.plist */,
			);
			path = DiscomfortIndexAppTests;
			sourceTree = "<group>";
		};
		209CE3B6246D4E7F009D1EC1 /* DiscomfortIndexAppUITests */ = {
			isa = PBXGroup;
			children = (
				209CE3B7246D4E7F009D1EC1 /* DiscomfortIndexAppUITests.swift */,
				209CE3B9246D4E7F009D1EC1 /* Info.plist */,
			);
			path = DiscomfortIndexAppUITests;
			sourceTree = "<group>";
		};
/* End PBXGroup section */

/* Begin PBXNativeTarget section */
		200FE1582444A15F00DBA925 /* DiscomfortIndexApp */ = {
			isa = PBXNativeTarget;
			buildConfigurationList = 200FE16D2444A16100DBA925 /* Build configuration list for PBXNativeTarget "DiscomfortIndexApp" */;
			buildPhases = (
				200FE1552444A15F00DBA925 /* Sources */,
				200FE1562444A15F00DBA925 /* Frameworks */,
				200FE1572444A15F00DBA925 /* Resources */,
			);
			buildRules = (
			);
			dependencies = (
			);
			name = DiscomfortIndexApp;
			productName = DiscomfortIndexApp;
			productReference = 200FE1592444A15F00DBA925 /* DiscomfortIndexApp.app */;
			productType = "com.apple.product-type.application";
		};
		209CE3A6246D4E2F009D1EC1 /* DiscomfortIndexAppTests */ = {
			isa = PBXNativeTarget;
			buildConfigurationList = 209CE3B0246D4E2F009D1EC1 /* Build configuration list for PBXNativeTarget "DiscomfortIndexAppTests" */;
			buildPhases = (
				209CE3A3246D4E2F009D1EC1 /* Sources */,
				209CE3A4246D4E2F009D1EC1 /* Frameworks */,
				209CE3A5246D4E2F009D1EC1 /* Resources */,
			);
			buildRules = (
			);
			dependencies = (
				209CE3AD246D4E2F009D1EC1 /* PBXTargetDependency */,
			);
			name = DiscomfortIndexAppTests;
			productName = DiscomfortIndexAppTests;
			productReference = 209CE3A7246D4E2F009D1EC1 /* DiscomfortIndexAppTests.xctest */;
			productType = "com.apple.product-type.bundle.unit-test";
		};
		209CE3B4246D4E7F009D1EC1 /* DiscomfortIndexAppUITests */ = {
			isa = PBXNativeTarget;
			buildConfigurationList = 209CE3BC246D4E7F009D1EC1 /* Build configuration list for PBXNativeTarget "DiscomfortIndexAppUITests" */;
			buildPhases = (
				209CE3B1246D4E7F009D1EC1 /* Sources */,
				209CE3B2246D4E7F009D1EC1 /* Frameworks */,
				209CE3B3246D4E7F009D1EC1 /* Resources */,
			);
			buildRules = (
			);
			dependencies = (
				209CE3BB246D4E7F009D1EC1 /* PBXTargetDependency */,
			);
			name = DiscomfortIndexAppUITests;
			productName = DiscomfortIndexAppUITests;
			productReference = 209CE3B5246D4E7F009D1EC1 /* DiscomfortIndexAppUITests.xctest */;
			productType = "com.apple.product-type.bundle.ui-testing";
		};
/* End PBXNativeTarget section */

/* Begin PBXProject section */
		200FE1512444A15F00DBA925 /* Project object */ = {
			isa = PBXProject;
			attributes = {
				LastSwiftUpdateCheck = 1140;
				LastUpgradeCheck = 1140;
				ORGANIZATIONNAME = T.A;
				TargetAttributes = {
					200FE1582444A15F00DBA925 = {
						CreatedOnToolsVersion = 11.4;
					};
					209CE3A6246D4E2F009D1EC1 = {
						CreatedOnToolsVersion = 11.4.1;
						TestTargetID = 200FE1582444A15F00DBA925;
					};
					209CE3B4246D4E7F009D1EC1 = {
						CreatedOnToolsVersion = 11.4.1;
						TestTargetID = 200FE1582444A15F00DBA925;
					};
				};
			};
			buildConfigurationList = 200FE1542444A15F00DBA925 /* Build configuration list for PBXProject "DiscomfortIndexApp" */;
			compatibilityVersion = "Xcode 9.3";
			developmentRegion = en;
			hasScannedForEncodings = 0;
			knownRegions = (
				en,
				Base,
			);
			mainGroup = 200FE1502444A15F00DBA925;
			productRefGroup = 200FE15A2444A15F00DBA925 /* Products */;
			projectDirPath = "";
			projectRoot = "";
			targets = (
				200FE1582444A15F00DBA925 /* DiscomfortIndexApp */,
				209CE3A6246D4E2F009D1EC1 /* DiscomfortIndexAppTests */,
				209CE3B4246D4E7F009D1EC1 /* DiscomfortIndexAppUITests */,
			);
		};
/* End PBXProject section */

/* Begin PBXResourcesBuildPhase section */
		200FE1572444A15F00DBA925 /* Resources */ = {
			isa = PBXResourcesBuildPhase;
			buildActionMask = 2147483647;
			files = (
				200FE1692444A16100DBA925 /* LaunchScreen.storyboard in Resources */,
				20CFBB9E2491101F0075905E /* media in Resources */,
				200FE1662444A16100DBA925 /* Assets.xcassets in Resources */,
				200FE1642444A15F00DBA925 /* Main.storyboard in Resources */,
			);
			runOnlyForDeploymentPostprocessing = 0;
		};
		209CE3A5246D4E2F009D1EC1 /* Resources */ = {
			isa = PBXResourcesBuildPhase;
			buildActionMask = 2147483647;
			files = (
			);
			runOnlyForDeploymentPostprocessing = 0;
		};
		209CE3B3246D4E7F009D1EC1 /* Resources */ = {
			isa = PBXResourcesBuildPhase;
			buildActionMask = 2147483647;
			files = (
			);
			runOnlyForDeploymentPostprocessing = 0;
		};
/* End PBXResourcesBuildPhase section */

/* Begin PBXSourcesBuildPhase section */
		200FE1552444A15F00DBA925 /* Sources */ = {
			isa = PBXSourcesBuildPhase;
			buildActionMask = 2147483647;
			files = (
				200FE1612444A15F00DBA925 /* WeatherViewController.swift in Sources */,
				20CFBB7C248687660075905E /* ForecastModel.swift in Sources */,
				209CE3A2246BFD56009D1EC1 /* APIkey.swift in Sources */,
				2078049F244F9C5500D24CEE /* WeatherData.swift in Sources */,
				200FE15D2444A15F00DBA925 /* AppDelegate.swift in Sources */,
				2078049D244C6BBA00D24CEE /* WeatherManager.swift in Sources */,
				209CE3A02465996E009D1EC1 /* ForecastManager.swift in Sources */,
				207804A324555ECC00D24CEE /* WeatherModel.swift in Sources */,
				20B5A554245E541F0036776B /* ForecastViewController.swift in Sources */,
				20CFBB7A24813E5A0075905E /* DiscomfortIndexModel.swift in Sources */,
				200FE15F2444A15F00DBA925 /* SceneDelegate.swift in Sources */,
				20B5A558245F856D0036776B /* ForecastData.swift in Sources */,
				20B5A552245C28320036776B /* PageVireController.swift in Sources */,
			);
			runOnlyForDeploymentPostprocessing = 0;
		};
		209CE3A3246D4E2F009D1EC1 /* Sources */ = {
			isa = PBXSourcesBuildPhase;
			buildActionMask = 2147483647;
			files = (
				209CE3AA246D4E2F009D1EC1 /* DiscomfortIndexAppTests.swift in Sources */,
			);
			runOnlyForDeploymentPostprocessing = 0;
		};
		209CE3B1246D4E7F009D1EC1 /* Sources */ = {
			isa = PBXSourcesBuildPhase;
			buildActionMask = 2147483647;
			files = (
				209CE3B8246D4E7F009D1EC1 /* DiscomfortIndexAppUITests.swift in Sources */,
			);
			runOnlyForDeploymentPostprocessing = 0;
		};
/* End PBXSourcesBuildPhase section */

/* Begin PBXTargetDependency section */
		209CE3AD246D4E2F009D1EC1 /* PBXTargetDependency */ = {
			isa = PBXTargetDependency;
			target = 200FE1582444A15F00DBA925 /* DiscomfortIndexApp */;
			targetProxy = 209CE3AC246D4E2F009D1EC1 /* PBXContainerItemProxy */;
		};
		209CE3BB246D4E7F009D1EC1 /* PBXTargetDependency */ = {
			isa = PBXTargetDependency;
			target = 200FE1582444A15F00DBA925 /* DiscomfortIndexApp */;
			targetProxy = 209CE3BA246D4E7F009D1EC1 /* PBXContainerItemProxy */;
		};
/* End PBXTargetDependency section */

/* Begin PBXVariantGroup section */
		200FE1622444A15F00DBA925 /* Main.storyboard */ = {
			isa = PBXVariantGroup;
			children = (
				200FE1632444A15F00DBA925 /* Base */,
			);
			name = Main.storyboard;
			sourceTree = "<group>";
		};
		200FE1672444A16100DBA925 /* LaunchScreen.storyboard */ = {
			isa = PBXVariantGroup;
			children = (
				200FE1682444A16100DBA925 /* Base */,
			);
			name = LaunchScreen.storyboard;
			sourceTree = "<group>";
		};
/* End PBXVariantGroup section */

/* Begin XCBuildConfiguration section */
		200FE16B2444A16100DBA925 /* Debug */ = {
			isa = XCBuildConfiguration;
			buildSettings = {
				ALWAYS_SEARCH_USER_PATHS = NO;
				CLANG_ANALYZER_NONNULL = YES;
				CLANG_ANALYZER_NUMBER_OBJECT_CONVERSION = YES_AGGRESSIVE;
				CLANG_CXX_LANGUAGE_STANDARD = "gnu++14";
				CLANG_CXX_LIBRARY = "libc++";
				CLANG_ENABLE_MODULES = YES;
				CLANG_ENABLE_OBJC_ARC = YES;
				CLANG_ENABLE_OBJC_WEAK = YES;
				CLANG_WARN_BLOCK_CAPTURE_AUTORELEASING = YES;
				CLANG_WARN_BOOL_CONVERSION = YES;
				CLANG_WARN_COMMA = YES;
				CLANG_WARN_CONSTANT_CONVERSION = YES;
				CLANG_WARN_DEPRECATED_OBJC_IMPLEMENTATIONS = YES;
				CLANG_WARN_DIRECT_OBJC_ISA_USAGE = YES_ERROR;
				CLANG_WARN_DOCUMENTATION_COMMENTS = YES;
				CLANG_WARN_EMPTY_BODY = YES;
				CLANG_WARN_ENUM_CONVERSION = YES;
				CLANG_WARN_INFINITE_RECURSION = YES;
				CLANG_WARN_INT_CONVERSION = YES;
				CLANG_WARN_NON_LITERAL_NULL_CONVERSION = YES;
				CLANG_WARN_OBJC_IMPLICIT_RETAIN_SELF = YES;
				CLANG_WARN_OBJC_LITERAL_CONVERSION = YES;
				CLANG_WARN_OBJC_ROOT_CLASS = YES_ERROR;
				CLANG_WARN_RANGE_LOOP_ANALYSIS = YES;
				CLANG_WARN_STRICT_PROTOTYPES = YES;
				CLANG_WARN_SUSPICIOUS_MOVE = YES;
				CLANG_WARN_UNGUARDED_AVAILABILITY = YES_AGGRESSIVE;
				CLANG_WARN_UNREACHABLE_CODE = YES;
				CLANG_WARN__DUPLICATE_METHOD_MATCH = YES;
				COPY_PHASE_STRIP = NO;
				DEBUG_INFORMATION_FORMAT = dwarf;
				ENABLE_STRICT_OBJC_MSGSEND = YES;
				ENABLE_TESTABILITY = YES;
				GCC_C_LANGUAGE_STANDARD = gnu11;
				GCC_DYNAMIC_NO_PIC = NO;
				GCC_NO_COMMON_BLOCKS = YES;
				GCC_OPTIMIZATION_LEVEL = 0;
				GCC_PREPROCESSOR_DEFINITIONS = (
					"DEBUG=1",
					"$(inherited)",
				);
				GCC_WARN_64_TO_32_BIT_CONVERSION = YES;
				GCC_WARN_ABOUT_RETURN_TYPE = YES_ERROR;
				GCC_WARN_UNDECLARED_SELECTOR = YES;
				GCC_WARN_UNINITIALIZED_AUTOS = YES_AGGRESSIVE;
				GCC_WARN_UNUSED_FUNCTION = YES;
				GCC_WARN_UNUSED_VARIABLE = YES;
				IPHONEOS_DEPLOYMENT_TARGET = 13.4;
				MTL_ENABLE_DEBUG_INFO = INCLUDE_SOURCE;
				MTL_FAST_MATH = YES;
				ONLY_ACTIVE_ARCH = YES;
				SDKROOT = iphoneos;
				SWIFT_ACTIVE_COMPILATION_CONDITIONS = DEBUG;
				SWIFT_OPTIMIZATION_LEVEL = "-Onone";
			};
			name = Debug;
		};
		200FE16C2444A16100DBA925 /* Release */ = {
			isa = XCBuildConfiguration;
			buildSettings = {
				ALWAYS_SEARCH_USER_PATHS = NO;
				CLANG_ANALYZER_NONNULL = YES;
				CLANG_ANALYZER_NUMBER_OBJECT_CONVERSION = YES_AGGRESSIVE;
				CLANG_CXX_LANGUAGE_STANDARD = "gnu++14";
				CLANG_CXX_LIBRARY = "libc++";
				CLANG_ENABLE_MODULES = YES;
				CLANG_ENABLE_OBJC_ARC = YES;
				CLANG_ENABLE_OBJC_WEAK = YES;
				CLANG_WARN_BLOCK_CAPTURE_AUTORELEASING = YES;
				CLANG_WARN_BOOL_CONVERSION = YES;
				CLANG_WARN_COMMA = YES;
				CLANG_WARN_CONSTANT_CONVERSION = YES;
				CLANG_WARN_DEPRECATED_OBJC_IMPLEMENTATIONS = YES;
				CLANG_WARN_DIRECT_OBJC_ISA_USAGE = YES_ERROR;
				CLANG_WARN_DOCUMENTATION_COMMENTS = YES;
				CLANG_WARN_EMPTY_BODY = YES;
				CLANG_WARN_ENUM_CONVERSION = YES;
				CLANG_WARN_INFINITE_RECURSION = YES;
				CLANG_WARN_INT_CONVERSION = YES;
				CLANG_WARN_NON_LITERAL_NULL_CONVERSION = YES;
				CLANG_WARN_OBJC_IMPLICIT_RETAIN_SELF = YES;
				CLANG_WARN_OBJC_LITERAL_CONVERSION = YES;
				CLANG_WARN_OBJC_ROOT_CLASS = YES_ERROR;
				CLANG_WARN_RANGE_LOOP_ANALYSIS = YES;
				CLANG_WARN_STRICT_PROTOTYPES = YES;
				CLANG_WARN_SUSPICIOUS_MOVE = YES;
				CLANG_WARN_UNGUARDED_AVAILABILITY = YES_AGGRESSIVE;
				CLANG_WARN_UNREACHABLE_CODE = YES;
				CLANG_WARN__DUPLICATE_METHOD_MATCH = YES;
				COPY_PHASE_STRIP = NO;
				DEBUG_INFORMATION_FORMAT = "dwarf-with-dsym";
				ENABLE_NS_ASSERTIONS = NO;
				ENABLE_STRICT_OBJC_MSGSEND = YES;
				GCC_C_LANGUAGE_STANDARD = gnu11;
				GCC_NO_COMMON_BLOCKS = YES;
				GCC_WARN_64_TO_32_BIT_CONVERSION = YES;
				GCC_WARN_ABOUT_RETURN_TYPE = YES_ERROR;
				GCC_WARN_UNDECLARED_SELECTOR = YES;
				GCC_WARN_UNINITIALIZED_AUTOS = YES_AGGRESSIVE;
				GCC_WARN_UNUSED_FUNCTION = YES;
				GCC_WARN_UNUSED_VARIABLE = YES;
				IPHONEOS_DEPLOYMENT_TARGET = 13.4;
				MTL_ENABLE_DEBUG_INFO = NO;
				MTL_FAST_MATH = YES;
				SDKROOT = iphoneos;
				SWIFT_COMPILATION_MODE = wholemodule;
				SWIFT_OPTIMIZATION_LEVEL = "-O";
				VALIDATE_PRODUCT = YES;
			};
			name = Release;
		};
		200FE16E2444A16100DBA925 /* Debug */ = {
			isa = XCBuildConfiguration;
			buildSettings = {
				ASSETCATALOG_COMPILER_APPICON_NAME = AppIcon;
				CODE_SIGN_STYLE = Automatic;
				DEVELOPMENT_TEAM = K5BLPV6P8G;
				INFOPLIST_FILE = DiscomfortIndexApp/Info.plist;
				LD_RUNPATH_SEARCH_PATHS = (
					"$(inherited)",
					"@executable_path/Frameworks",
				);
				PRODUCT_BUNDLE_IDENTIFIER = com.t.amd.DiscomfortIndexApp;
				PRODUCT_NAME = "$(TARGET_NAME)";
				SWIFT_VERSION = 5.0;
				TARGETED_DEVICE_FAMILY = 1;
			};
			name = Debug;
		};
		200FE16F2444A16100DBA925 /* Release */ = {
			isa = XCBuildConfiguration;
			buildSettings = {
				ASSETCATALOG_COMPILER_APPICON_NAME = AppIcon;
				CODE_SIGN_STYLE = Automatic;
				DEVELOPMENT_TEAM = K5BLPV6P8G;
				INFOPLIST_FILE = DiscomfortIndexApp/Info.plist;
				LD_RUNPATH_SEARCH_PATHS = (
					"$(inherited)",
					"@executable_path/Frameworks",
				);
				PRODUCT_BUNDLE_IDENTIFIER = com.t.amd.DiscomfortIndexApp;
				PRODUCT_NAME = "$(TARGET_NAME)";
				SWIFT_VERSION = 5.0;
				TARGETED_DEVICE_FAMILY = 1;
			};
			name = Release;
		};
		209CE3AE246D4E2F009D1EC1 /* Debug */ = {
			isa = XCBuildConfiguration;
			buildSettings = {
				BUNDLE_LOADER = "$(TEST_HOST)";
				CODE_SIGN_STYLE = Automatic;
				DEVELOPMENT_TEAM = K5BLPV6P8G;
				INFOPLIST_FILE = DiscomfortIndexAppTests/Info.plist;
				LD_RUNPATH_SEARCH_PATHS = (
					"$(inherited)",
					"@executable_path/Frameworks",
					"@loader_path/Frameworks",
				);
				PRODUCT_BUNDLE_IDENTIFIER = com.t.amd.DiscomfortIndexAppTests;
				PRODUCT_NAME = "$(TARGET_NAME)";
				SWIFT_VERSION = 5.0;
				TARGETED_DEVICE_FAMILY = "1,2";
				TEST_HOST = "$(BUILT_PRODUCTS_DIR)/DiscomfortIndexApp.app/DiscomfortIndexApp";
			};
			name = Debug;
		};
		209CE3AF246D4E2F009D1EC1 /* Release */ = {
			isa = XCBuildConfiguration;
			buildSettings = {
				BUNDLE_LOADER = "$(TEST_HOST)";
				CODE_SIGN_STYLE = Automatic;
				DEVELOPMENT_TEAM = K5BLPV6P8G;
				INFOPLIST_FILE = DiscomfortIndexAppTests/Info.plist;
				LD_RUNPATH_SEARCH_PATHS = (
					"$(inherited)",
					"@executable_path/Frameworks",
					"@loader_path/Frameworks",
				);
				PRODUCT_BUNDLE_IDENTIFIER = com.t.amd.DiscomfortIndexAppTests;
				PRODUCT_NAME = "$(TARGET_NAME)";
				SWIFT_VERSION = 5.0;
				TARGETED_DEVICE_FAMILY = "1,2";
				TEST_HOST = "$(BUILT_PRODUCTS_DIR)/DiscomfortIndexApp.app/DiscomfortIndexApp";
			};
			name = Release;
		};
		209CE3BD246D4E7F009D1EC1 /* Debug */ = {
			isa = XCBuildConfiguration;
			buildSettings = {
				CODE_SIGN_STYLE = Automatic;
				DEVELOPMENT_TEAM = K5BLPV6P8G;
				INFOPLIST_FILE = DiscomfortIndexAppUITests/Info.plist;
				LD_RUNPATH_SEARCH_PATHS = (
					"$(inherited)",
					"@executable_path/Frameworks",
					"@loader_path/Frameworks",
				);
				PRODUCT_BUNDLE_IDENTIFIER = com.t.amd.DiscomfortIndexAppUITests;
				PRODUCT_NAME = "$(TARGET_NAME)";
				SWIFT_VERSION = 5.0;
				TARGETED_DEVICE_FAMILY = "1,2";
				TEST_TARGET_NAME = DiscomfortIndexApp;
			};
			name = Debug;
		};
		209CE3BE246D4E7F009D1EC1 /* Release */ = {
			isa = XCBuildConfiguration;
			buildSettings = {
				CODE_SIGN_STYLE = Automatic;
				DEVELOPMENT_TEAM = K5BLPV6P8G;
				INFOPLIST_FILE = DiscomfortIndexAppUITests/Info.plist;
				LD_RUNPATH_SEARCH_PATHS = (
					"$(inherited)",
					"@executable_path/Frameworks",
					"@loader_path/Frameworks",
				);
				PRODUCT_BUNDLE_IDENTIFIER = com.t.amd.DiscomfortIndexAppUITests;
				PRODUCT_NAME = "$(TARGET_NAME)";
				SWIFT_VERSION = 5.0;
				TARGETED_DEVICE_FAMILY = "1,2";
				TEST_TARGET_NAME = DiscomfortIndexApp;
			};
			name = Release;
		};
/* End XCBuildConfiguration section */

/* Begin XCConfigurationList section */
		200FE1542444A15F00DBA925 /* Build configuration list for PBXProject "DiscomfortIndexApp" */ = {
			isa = XCConfigurationList;
			buildConfigurations = (
				200FE16B2444A16100DBA925 /* Debug */,
				200FE16C2444A16100DBA925 /* Release */,
			);
			defaultConfigurationIsVisible = 0;
			defaultConfigurationName = Release;
		};
		200FE16D2444A16100DBA925 /* Build configuration list for PBXNativeTarget "DiscomfortIndexApp" */ = {
			isa = XCConfigurationList;
			buildConfigurations = (
				200FE16E2444A16100DBA925 /* Debug */,
				200FE16F2444A16100DBA925 /* Release */,
			);
			defaultConfigurationIsVisible = 0;
			defaultConfigurationName = Release;
		};
		209CE3B0246D4E2F009D1EC1 /* Build configuration list for PBXNativeTarget "DiscomfortIndexAppTests" */ = {
			isa = XCConfigurationList;
			buildConfigurations = (
				209CE3AE246D4E2F009D1EC1 /* Debug */,
				209CE3AF246D4E2F009D1EC1 /* Release */,
			);
			defaultConfigurationIsVisible = 0;
			defaultConfigurationName = Release;
		};
		209CE3BC246D4E7F009D1EC1 /* Build configuration list for PBXNativeTarget "DiscomfortIndexAppUITests" */ = {
			isa = XCConfigurationList;
			buildConfigurations = (
				209CE3BD246D4E7F009D1EC1 /* Debug */,
				209CE3BE246D4E7F009D1EC1 /* Release */,
			);
			defaultConfigurationIsVisible = 0;
			defaultConfigurationName = Release;
		};
/* End XCConfigurationList section */
	};
	rootObject = 200FE1512444A15F00DBA925 /* Project object */;
}
